
Microsoft Visual Studio Solution File, Format Version 12.00
# Visual Studio 2012
Project("{FAE04EC0-301F-11D3-BF4B-00C04F79EFBC}") = "LineEditor", "LineEditor\LineEditor.csproj", "{D349E42D-13FF-4A36-A48E-D2C54F0B16FB}"
EndProject
Global
	GlobalSection(SolutionConfigurationPlatforms) = preSolution
		Debug|Any CPU = Debug|Any CPU
		Release|Any CPU = Release|Any CPU
	EndGlobalSection
	GlobalSection(ProjectConfigurationPlatforms) = postSolution
		{D349E42D-13FF-4A36-A48E-D2C54F0B16FB}.Debug|Any CPU.ActiveCfg = Debug|Any CPU
		{D349E42D-13FF-4A36-A48E-D2C54F0B16FB}.Debug|Any CPU.Build.0 = Debug|Any CPU
		{D349E42D-13FF-4A36-A48E-D2C54F0B16FB}.Release|Any CPU.ActiveCfg = Release|Any CPU
		{D349E42D-13FF-4A36-A48E-D2C54F0B16FB}.Release|Any CPU.Build.0 = Release|Any CPU
	EndGlobalSection
	GlobalSection(SolutionProperties) = preSolution
		HideSolutionNode = FALSE
	EndGlobalSection
EndGlobal
